
Microsoft Visual Studio Solution File, Format Version 12.00
# Visual Studio Version 17
VisualStudioVersion = 17.7.34031.279
MinimumVisualStudioVersion = 10.0.40219.1
Project("{FAE04EC0-301F-11D3-BF4B-00C04F79EFBC}") = "THPTUDWeb", "THPTUDWeb.csproj", "{08646661-C12E-4AF7-BC4B-ED9DFC1FD473}"
EndProject
Project("{FAE04EC0-301F-11D3-BF4B-00C04F79EFBC}") = "MyClass", "MyClass\MyClass.csproj", "{B06ECDD2-5E6D-441E-BD7A-CE2836C1FC8B}"
EndProject
Global
	GlobalSection(SolutionConfigurationPlatforms) = preSolution
		Debug|Any CPU = Debug|Any CPU
		Release|Any CPU = Release|Any CPU
	EndGlobalSection
	GlobalSection(ProjectConfigurationPlatforms) = postSolution
		{08646661-C12E-4AF7-BC4B-ED9DFC1FD473}.Debug|Any CPU.ActiveCfg = Debug|Any CPU
		{08646661-C12E-4AF7-BC4B-ED9DFC1FD473}.Debug|Any CPU.Build.0 = Debug|Any CPU
		{08646661-C12E-4AF7-BC4B-ED9DFC1FD473}.Release|Any CPU.ActiveCfg = Release|Any CPU
		{08646661-C12E-4AF7-BC4B-ED9DFC1FD473}.Release|Any CPU.Build.0 = Release|Any CPU
		{B06ECDD2-5E6D-441E-BD7A-CE2836C1FC8B}.Debug|Any CPU.ActiveCfg = Debug|Any CPU
		{B06ECDD2-5E6D-441E-BD7A-CE2836C1FC8B}.Debug|Any CPU.Build.0 = Debug|Any CPU
		{B06ECDD2-5E6D-441E-BD7A-CE2836C1FC8B}.Release|Any CPU.ActiveCfg = Release|Any CPU
		{B06ECDD2-5E6D-441E-BD7A-CE2836C1FC8B}.Release|Any CPU.Build.0 = Release|Any CPU
	EndGlobalSection
	GlobalSection(SolutionProperties) = preSolution
		HideSolutionNode = FALSE
	EndGlobalSection
	GlobalSection(ExtensibilityGlobals) = postSolution
		SolutionGuid = {FB0D87D7-9001-4C30-8C19-F3CF602742FF}
	EndGlobalSection
EndGlobal
